
Microsoft Visual Studio Solution File, Format Version 12.00
# Visual Studio 15
VisualStudioVersion = 15.0.27130.0
MinimumVisualStudioVersion = 10.0.40219.1
Project("{FAE04EC0-301F-11D3-BF4B-00C04F79EFBC}") = "AdventOfCode", "AdventOfCode\AdventOfCode.csproj", "{1DC49DC7-83E9-4796-88AD-26DD533A134D}"
EndProject
Global
	GlobalSection(SolutionConfigurationPlatforms) = preSolution
		Debug|Any CPU = Debug|Any CPU
		Release|Any CPU = Release|Any CPU
	EndGlobalSection
	GlobalSection(ProjectConfigurationPlatforms) = postSolution
		{1DC49DC7-83E9-4796-88AD-26DD533A134D}.Debug|Any CPU.ActiveCfg = Debug|Any CPU
		{1DC49DC7-83E9-4796-88AD-26DD533A134D}.Debug|Any CPU.Build.0 = Debug|Any CPU
		{1DC49DC7-83E9-4796-88AD-26DD533A134D}.Release|Any CPU.ActiveCfg = Release|Any CPU
		{1DC49DC7-83E9-4796-88AD-26DD533A134D}.Release|Any CPU.Build.0 = Release|Any CPU
	EndGlobalSection
	GlobalSection(SolutionProperties) = preSolution
		HideSolutionNode = FALSE
	EndGlobalSection
	GlobalSection(ExtensibilityGlobals) = postSolution
		SolutionGuid = {1ABA98BD-4A8F-465E-9F08-FCC7F9CE86BC}
	EndGlobalSection
EndGlobal
